// !$*UTF8*$!
{
	archiveVersion = 1;
	classes = {
	};
	objectVersion = 48;
	objects = {

/* Begin PBXBuildFile section */
		1C12FD10424DF18078CA321F /* Pods_RXTests.framework in Frameworks */ = {isa = PBXBuildFile; fileRef = 62E54FC8562060F2722419FC /* Pods_RXTests.framework */; };
		572C80341FFEA31E00720860 /* Repository.swift in Sources */ = {isa = PBXBuildFile; fileRef = 572C80331FFEA31E00720860 /* Repository.swift */; };
		572C80361FFEA34E00720860 /* GithubService.swift in Sources */ = {isa = PBXBuildFile; fileRef = 572C80351FFEA34E00720860 /* GithubService.swift */; };
		572C80381FFEA8D700720860 /* RepositoryCell.swift in Sources */ = {isa = PBXBuildFile; fileRef = 572C80371FFEA8D700720860 /* RepositoryCell.swift */; };
		572C803A1FFEA94C00720860 /* RepositryListVC.swift in Sources */ = {isa = PBXBuildFile; fileRef = 572C80391FFEA94C00720860 /* RepositryListVC.swift */; };
		572C803C1FFEA96B00720860 /* LanguageVC.swift in Sources */ = {isa = PBXBuildFile; fileRef = 572C803B1FFEA96B00720860 /* LanguageVC.swift */; };
		578BBE491FC880C70004EFE0 /* AppDelegate.swift in Sources */ = {isa = PBXBuildFile; fileRef = 578BBE481FC880C70004EFE0 /* AppDelegate.swift */; };
		578BBE4B1FC880C70004EFE0 /* ViewController.swift in Sources */ = {isa = PBXBuildFile; fileRef = 578BBE4A1FC880C70004EFE0 /* ViewController.swift */; };
		578BBE4E1FC880C70004EFE0 /* Main.storyboard in Resources */ = {isa = PBXBuildFile; fileRef = 578BBE4C1FC880C70004EFE0 /* Main.storyboard */; };
		578BBE501FC880C70004EFE0 /* Assets.xcassets in Resources */ = {isa = PBXBuildFile; fileRef = 578BBE4F1FC880C70004EFE0 /* Assets.xcassets */; };
		578BBE531FC880C70004EFE0 /* LaunchScreen.storyboard in Resources */ = {isa = PBXBuildFile; fileRef = 578BBE511FC880C70004EFE0 /* LaunchScreen.storyboard */; };
		578BBE5E1FC880C70004EFE0 /* RXTests.swift in Sources */ = {isa = PBXBuildFile; fileRef = 578BBE5D1FC880C70004EFE0 /* RXTests.swift */; };
		578BBE691FC880C70004EFE0 /* RXUITests.swift in Sources */ = {isa = PBXBuildFile; fileRef = 578BBE681FC880C70004EFE0 /* RXUITests.swift */; };
		57BAA2C720067B360011F87D /* RepositoryViewModel.swift in Sources */ = {isa = PBXBuildFile; fileRef = 57BAA2C620067B360011F87D /* RepositoryViewModel.swift */; };
		57BAA2C920067B460011F87D /* RepositoryCellViewModel.swift in Sources */ = {isa = PBXBuildFile; fileRef = 57BAA2C820067B460011F87D /* RepositoryCellViewModel.swift */; };
		57CF67BB200530C000418380 /* LanguageViewModel.swift in Sources */ = {isa = PBXBuildFile; fileRef = 57CF67BA200530C000418380 /* LanguageViewModel.swift */; };
		90B786CB51144B0D0A5BA924 /* Pods_RXUITests.framework in Frameworks */ = {isa = PBXBuildFile; fileRef = 53B0B6B8BC5EEAEC48C2E884 /* Pods_RXUITests.framework */; };
		92FF54499197092020F0A7F0 /* Pods_RX.framework in Frameworks */ = {isa = PBXBuildFile; fileRef = 78BAA373C0BEC14C84026E40 /* Pods_RX.framework */; };
/* End PBXBuildFile section */

/* Begin PBXContainerItemProxy section */
		578BBE5A1FC880C70004EFE0 /* PBXContainerItemProxy */ = {
			isa = PBXContainerItemProxy;
			containerPortal = 578BBE3D1FC880C70004EFE0 /* Project object */;
			proxyType = 1;
			remoteGlobalIDString = 578BBE441FC880C70004EFE0;
			remoteInfo = RX;
		};
		578BBE651FC880C70004EFE0 /* PBXContainerItemProxy */ = {
			isa = PBXContainerItemProxy;
			containerPortal = 578BBE3D1FC880C70004EFE0 /* Project object */;
			proxyType = 1;
			remoteGlobalIDString = 578BBE441FC880C70004EFE0;
			remoteInfo = RX;
		};
/* End PBXContainerItemProxy section */

/* Begin PBXFileReference section */
		4E95E15BD52C83E713216B5D /* Pods-RX.release.xcconfig */ = {isa = PBXFileReference; includeInIndex = 1; lastKnownFileType = text.xcconfig; name = "Pods-RX.release.xcconfig"; path = "Pods/Target Support Files/Pods-RX/Pods-RX.release.xcconfig"; sourceTree = "<group>"; };
		53B0B6B8BC5EEAEC48C2E884 /* Pods_RXUITests.framework */ = {isa = PBXFileReference; explicitFileType = wrapper.framework; includeInIndex = 0; path = Pods_RXUITests.framework; sourceTree = BUILT_PRODUCTS_DIR; };
		572C80331FFEA31E00720860 /* Repository.swift */ = {isa = PBXFileReference; fileEncoding = 4; lastKnownFileType = sourcecode.swift; path = Repository.swift; sourceTree = "<group>"; };
		572C80351FFEA34E00720860 /* GithubService.swift */ = {isa = PBXFileReference; lastKnownFileType = sourcecode.swift; path = GithubService.swift; sourceTree = "<group>"; };
		572C80371FFEA8D700720860 /* RepositoryCell.swift */ = {isa = PBXFileReference; fileEncoding = 4; lastKnownFileType = sourcecode.swift; path = RepositoryCell.swift; sourceTree = "<group>"; };
		572C80391FFEA94C00720860 /* RepositryListVC.swift */ = {isa = PBXFileReference; lastKnownFileType = sourcecode.swift; path = RepositryListVC.swift; sourceTree = "<group>"; };
		572C803B1FFEA96B00720860 /* LanguageVC.swift */ = {isa = PBXFileReference; lastKnownFileType = sourcecode.swift; path = LanguageVC.swift; sourceTree = "<group>"; };
		578BBE451FC880C70004EFE0 /* RX.app */ = {isa = PBXFileReference; explicitFileType = wrapper.application; includeInIndex = 0; path = RX.app; sourceTree = BUILT_PRODUCTS_DIR; };
		578BBE481FC880C70004EFE0 /* AppDelegate.swift */ = {isa = PBXFileReference; lastKnownFileType = sourcecode.swift; path = AppDelegate.swift; sourceTree = "<group>"; };
		578BBE4A1FC880C70004EFE0 /* ViewController.swift */ = {isa = PBXFileReference; lastKnownFileType = sourcecode.swift; path = ViewController.swift; sourceTree = "<group>"; };
		578BBE4D1FC880C70004EFE0 /* Base */ = {isa = PBXFileReference; lastKnownFileType = file.storyboard; name = Base; path = Base.lproj/Main.storyboard; sourceTree = "<group>"; };
		578BBE4F1FC880C70004EFE0 /* Assets.xcassets */ = {isa = PBXFileReference; lastKnownFileType = folder.assetcatalog; path = Assets.xcassets; sourceTree = "<group>"; };
		578BBE521FC880C70004EFE0 /* Base */ = {isa = PBXFileReference; lastKnownFileType = file.storyboard; name = Base; path = Base.lproj/LaunchScreen.storyboard; sourceTree = "<group>"; };
		578BBE541FC880C70004EFE0 /* Info.plist */ = {isa = PBXFileReference; lastKnownFileType = text.plist.xml; path = Info.plist; sourceTree = "<group>"; };
		578BBE591FC880C70004EFE0 /* RXTests.xctest */ = {isa = PBXFileReference; explicitFileType = wrapper.cfbundle; includeInIndex = 0; path = RXTests.xctest; sourceTree = BUILT_PRODUCTS_DIR; };
		578BBE5D1FC880C70004EFE0 /* RXTests.swift */ = {isa = PBXFileReference; lastKnownFileType = sourcecode.swift; path = RXTests.swift; sourceTree = "<group>"; };
		578BBE5F1FC880C70004EFE0 /* Info.plist */ = {isa = PBXFileReference; lastKnownFileType = text.plist.xml; path = Info.plist; sourceTree = "<group>"; };
		578BBE641FC880C70004EFE0 /* RXUITests.xctest */ = {isa = PBXFileReference; explicitFileType = wrapper.cfbundle; includeInIndex = 0; path = RXUITests.xctest; sourceTree = BUILT_PRODUCTS_DIR; };
		578BBE681FC880C70004EFE0 /* RXUITests.swift */ = {isa = PBXFileReference; lastKnownFileType = sourcecode.swift; path = RXUITests.swift; sourceTree = "<group>"; };
		578BBE6A1FC880C70004EFE0 /* Info.plist */ = {isa = PBXFileReference; lastKnownFileType = text.plist.xml; path = Info.plist; sourceTree = "<group>"; };
		57BAA2C620067B360011F87D /* RepositoryViewModel.swift */ = {isa = PBXFileReference; lastKnownFileType = sourcecode.swift; path = RepositoryViewModel.swift; sourceTree = "<group>"; };
		57BAA2C820067B460011F87D /* RepositoryCellViewModel.swift */ = {isa = PBXFileReference; lastKnownFileType = sourcecode.swift; path = RepositoryCellViewModel.swift; sourceTree = "<group>"; };
		57CF67BA200530C000418380 /* LanguageViewModel.swift */ = {isa = PBXFileReference; lastKnownFileType = sourcecode.swift; path = LanguageViewModel.swift; sourceTree = "<group>"; };
		58D33C372409154F99BE2767 /* Pods-RXTests.release.xcconfig */ = {isa = PBXFileReference; includeInIndex = 1; lastKnownFileType = text.xcconfig; name = "Pods-RXTests.release.xcconfig"; path = "Pods/Target Support Files/Pods-RXTests/Pods-RXTests.release.xcconfig"; sourceTree = "<group>"; };
		62E54FC8562060F2722419FC /* Pods_RXTests.framework */ = {isa = PBXFileReference; explicitFileType = wrapper.framework; includeInIndex = 0; path = Pods_RXTests.framework; sourceTree = BUILT_PRODUCTS_DIR; };
		78BAA373C0BEC14C84026E40 /* Pods_RX.framework */ = {isa = PBXFileReference; explicitFileType = wrapper.framework; includeInIndex = 0; path = Pods_RX.framework; sourceTree = BUILT_PRODUCTS_DIR; };
		8B9F31B9D25A44AFF7E22A68 /* Pods-RXTests.debug.xcconfig */ = {isa = PBXFileReference; includeInIndex = 1; lastKnownFileType = text.xcconfig; name = "Pods-RXTests.debug.xcconfig"; path = "Pods/Target Support Files/Pods-RXTests/Pods-RXTests.debug.xcconfig"; sourceTree = "<group>"; };
		A876039CE6CF5F199BF0AADD /* Pods-RX.debug.xcconfig */ = {isa = PBXFileReference; includeInIndex = 1; lastKnownFileType = text.xcconfig; name = "Pods-RX.debug.xcconfig"; path = "Pods/Target Support Files/Pods-RX/Pods-RX.debug.xcconfig"; sourceTree = "<group>"; };
		C07D63107E05F7F3FEBD9339 /* Pods-RXUITests.debug.xcconfig */ = {isa = PBXFileReference; includeInIndex = 1; lastKnownFileType = text.xcconfig; name = "Pods-RXUITests.debug.xcconfig"; path = "Pods/Target Support Files/Pods-RXUITests/Pods-RXUITests.debug.xcconfig"; sourceTree = "<group>"; };
		C4C55FBAA87240B5AF32F652 /* Pods-RXUITests.release.xcconfig */ = {isa = PBXFileReference; includeInIndex = 1; lastKnownFileType = text.xcconfig; name = "Pods-RXUITests.release.xcconfig"; path = "Pods/Target Support Files/Pods-RXUITests/Pods-RXUITests.release.xcconfig"; sourceTree = "<group>"; };
/* End PBXFileReference section */

/* Begin PBXFrameworksBuildPhase section */
		578BBE421FC880C70004EFE0 /* Frameworks */ = {
			isa = PBXFrameworksBuildPhase;
			buildActionMask = 2147483647;
			files = (
				92FF54499197092020F0A7F0 /* Pods_RX.framework in Frameworks */,
			);
			runOnlyForDeploymentPostprocessing = 0;
		};
		578BBE561FC880C70004EFE0 /* Frameworks */ = {
			isa = PBXFrameworksBuildPhase;
			buildActionMask = 2147483647;
			files = (
				1C12FD10424DF18078CA321F /* Pods_RXTests.framework in Frameworks */,
			);
			runOnlyForDeploymentPostprocessing = 0;
		};
		578BBE611FC880C70004EFE0 /* Frameworks */ = {
			isa = PBXFrameworksBuildPhase;
			buildActionMask = 2147483647;
			files = (
				90B786CB51144B0D0A5BA924 /* Pods_RXUITests.framework in Frameworks */,
			);
			runOnlyForDeploymentPostprocessing = 0;
		};
/* End PBXFrameworksBuildPhase section */

/* Begin PBXGroup section */
		2C80FE818259F24188EC4EEA /* Pods */ = {
			isa = PBXGroup;
			children = (
				A876039CE6CF5F199BF0AADD /* Pods-RX.debug.xcconfig */,
				4E95E15BD52C83E713216B5D /* Pods-RX.release.xcconfig */,
				8B9F31B9D25A44AFF7E22A68 /* Pods-RXTests.debug.xcconfig */,
				58D33C372409154F99BE2767 /* Pods-RXTests.release.xcconfig */,
				C07D63107E05F7F3FEBD9339 /* Pods-RXUITests.debug.xcconfig */,
				C4C55FBAA87240B5AF32F652 /* Pods-RXUITests.release.xcconfig */,
			);
			name = Pods;
			sourceTree = "<group>";
		};
		572C802C1FFE9E6100720860 /* Classes */ = {
			isa = PBXGroup;
			children = (
				572C80321FFE9EF200720860 /* Language */,
				572C80311FFE9EE000720860 /* RepositryList */,
			);
			path = Classes;
			sourceTree = "<group>";
		};
		572C802D1FFE9E6C00720860 /* Models */ = {
			isa = PBXGroup;
			children = (
				572C80331FFEA31E00720860 /* Repository.swift */,
			);
			path = Models;
			sourceTree = "<group>";
		};
		572C802E1FFE9E8A00720860 /* Networking */ = {
			isa = PBXGroup;
			children = (
				572C80351FFEA34E00720860 /* GithubService.swift */,
			);
			path = Networking;
			sourceTree = "<group>";
		};
		572C802F1FFE9E9700720860 /* App */ = {
			isa = PBXGroup;
			children = (
				578BBE481FC880C70004EFE0 /* AppDelegate.swift */,
			);
			path = App;
			sourceTree = "<group>";
		};
		572C80301FFE9EA400720860 /* Resources */ = {
			isa = PBXGroup;
			children = (
				578BBE4F1FC880C70004EFE0 /* Assets.xcassets */,
				578BBE4C1FC880C70004EFE0 /* Main.storyboard */,
				578BBE511FC880C70004EFE0 /* LaunchScreen.storyboard */,
			);
			path = Resources;
			sourceTree = "<group>";
		};
		572C80311FFE9EE000720860 /* RepositryList */ = {
			isa = PBXGroup;
			children = (
				572C80371FFEA8D700720860 /* RepositoryCell.swift */,
				572C80391FFEA94C00720860 /* RepositryListVC.swift */,
				57BAA2C620067B360011F87D /* RepositoryViewModel.swift */,
				57BAA2C820067B460011F87D /* RepositoryCellViewModel.swift */,
			);
			path = RepositryList;
			sourceTree = "<group>";
		};
		572C80321FFE9EF200720860 /* Language */ = {
			isa = PBXGroup;
			children = (
				572C803B1FFEA96B00720860 /* LanguageVC.swift */,
				57CF67BA200530C000418380 /* LanguageViewModel.swift */,
			);
			path = Language;
			sourceTree = "<group>";
		};
		578BBE3C1FC880C70004EFE0 = {
			isa = PBXGroup;
			children = (
				578BBE471FC880C70004EFE0 /* RX */,
				578BBE5C1FC880C70004EFE0 /* RXTests */,
				578BBE671FC880C70004EFE0 /* RXUITests */,
				578BBE461FC880C70004EFE0 /* Products */,
				2C80FE818259F24188EC4EEA /* Pods */,
				8375041778351A632BFCAE41 /* Frameworks */,
			);
			sourceTree = "<group>";
		};
		578BBE461FC880C70004EFE0 /* Products */ = {
			isa = PBXGroup;
			children = (
				578BBE451FC880C70004EFE0 /* RX.app */,
				578BBE591FC880C70004EFE0 /* RXTests.xctest */,
				578BBE641FC880C70004EFE0 /* RXUITests.xctest */,
			);
			name = Products;
			sourceTree = "<group>";
		};
		578BBE471FC880C70004EFE0 /* RX */ = {
			isa = PBXGroup;
			children = (
				572C80301FFE9EA400720860 /* Resources */,
				572C802F1FFE9E9700720860 /* App */,
				572C802D1FFE9E6C00720860 /* Models */,
				572C802E1FFE9E8A00720860 /* Networking */,
				572C802C1FFE9E6100720860 /* Classes */,
				578BBE541FC880C70004EFE0 /* Info.plist */,
				578BBE4A1FC880C70004EFE0 /* ViewController.swift */,
			);
			path = RX;
			sourceTree = "<group>";
		};
		578BBE5C1FC880C70004EFE0 /* RXTests */ = {
			isa = PBXGroup;
			children = (
				578BBE5D1FC880C70004EFE0 /* RXTests.swift */,
				578BBE5F1FC880C70004EFE0 /* Info.plist */,
			);
			path = RXTests;
			sourceTree = "<group>";
		};
		578BBE671FC880C70004EFE0 /* RXUITests */ = {
			isa = PBXGroup;
			children = (
				578BBE681FC880C70004EFE0 /* RXUITests.swift */,
				578BBE6A1FC880C70004EFE0 /* Info.plist */,
			);
			path = RXUITests;
			sourceTree = "<group>";
		};
		8375041778351A632BFCAE41 /* Frameworks */ = {
			isa = PBXGroup;
			children = (
				78BAA373C0BEC14C84026E40 /* Pods_RX.framework */,
				62E54FC8562060F2722419FC /* Pods_RXTests.framework */,
				53B0B6B8BC5EEAEC48C2E884 /* Pods_RXUITests.framework */,
			);
			name = Frameworks;
			sourceTree = "<group>";
		};
/* End PBXGroup section */

/* Begin PBXNativeTarget section */
		578BBE441FC880C70004EFE0 /* RX */ = {
			isa = PBXNativeTarget;
			buildConfigurationList = 578BBE6D1FC880C70004EFE0 /* Build configuration list for PBXNativeTarget "RX" */;
			buildPhases = (
				A8EF176C8908297A05071CA1 /* [CP] Check Pods Manifest.lock */,
				578BBE411FC880C70004EFE0 /* Sources */,
				578BBE421FC880C70004EFE0 /* Frameworks */,
				578BBE431FC880C70004EFE0 /* Resources */,
				C3E912D2A8B95B00D5E11CBB /* [CP] Embed Pods Frameworks */,
				65D6C7F94F90465B838F9CFC /* [CP] Copy Pods Resources */,
			);
			buildRules = (
			);
			dependencies = (
			);
			name = RX;
			productName = RX;
			productReference = 578BBE451FC880C70004EFE0 /* RX.app */;
			productType = "com.apple.product-type.application";
		};
		578BBE581FC880C70004EFE0 /* RXTests */ = {
			isa = PBXNativeTarget;
			buildConfigurationList = 578BBE701FC880C70004EFE0 /* Build configuration list for PBXNativeTarget "RXTests" */;
			buildPhases = (
				A16A572A3910BAD38B350E4E /* [CP] Check Pods Manifest.lock */,
				578BBE551FC880C70004EFE0 /* Sources */,
				578BBE561FC880C70004EFE0 /* Frameworks */,
				578BBE571FC880C70004EFE0 /* Resources */,
				90A58C02DECE7C2E74CF37E0 /* [CP] Embed Pods Frameworks */,
				01DCAD9327D38392F4B6B859 /* [CP] Copy Pods Resources */,
			);
			buildRules = (
			);
			dependencies = (
				578BBE5B1FC880C70004EFE0 /* PBXTargetDependency */,
			);
			name = RXTests;
			productName = RXTests;
			productReference = 578BBE591FC880C70004EFE0 /* RXTests.xctest */;
			productType = "com.apple.product-type.bundle.unit-test";
		};
		578BBE631FC880C70004EFE0 /* RXUITests */ = {
			isa = PBXNativeTarget;
			buildConfigurationList = 578BBE731FC880C70004EFE0 /* Build configuration list for PBXNativeTarget "RXUITests" */;
			buildPhases = (
				23566A8C69E5B1E0ABF653E0 /* [CP] Check Pods Manifest.lock */,
				578BBE601FC880C70004EFE0 /* Sources */,
				578BBE611FC880C70004EFE0 /* Frameworks */,
				578BBE621FC880C70004EFE0 /* Resources */,
				18BEB9CE7F1BE9D4162F700E /* [CP] Embed Pods Frameworks */,
				507DED0B6CC51CA28A910268 /* [CP] Copy Pods Resources */,
			);
			buildRules = (
			);
			dependencies = (
				578BBE661FC880C70004EFE0 /* PBXTargetDependency */,
			);
			name = RXUITests;
			productName = RXUITests;
			productReference = 578BBE641FC880C70004EFE0 /* RXUITests.xctest */;
			productType = "com.apple.product-type.bundle.ui-testing";
		};
/* End PBXNativeTarget section */

/* Begin PBXProject section */
		578BBE3D1FC880C70004EFE0 /* Project object */ = {
			isa = PBXProject;
			attributes = {
				LastSwiftUpdateCheck = 0910;
				LastUpgradeCheck = 0910;
				ORGANIZATIONNAME = "Avtar Singh";
				TargetAttributes = {
					578BBE441FC880C70004EFE0 = {
						CreatedOnToolsVersion = 9.1;
						ProvisioningStyle = Automatic;
					};
					578BBE581FC880C70004EFE0 = {
						CreatedOnToolsVersion = 9.1;
						ProvisioningStyle = Automatic;
						TestTargetID = 578BBE441FC880C70004EFE0;
					};
					578BBE631FC880C70004EFE0 = {
						CreatedOnToolsVersion = 9.1;
						ProvisioningStyle = Automatic;
						TestTargetID = 578BBE441FC880C70004EFE0;
					};
				};
			};
			buildConfigurationList = 578BBE401FC880C70004EFE0 /* Build configuration list for PBXProject "RX" */;
			compatibilityVersion = "Xcode 8.0";
			developmentRegion = en;
			hasScannedForEncodings = 0;
			knownRegions = (
				en,
				Base,
			);
			mainGroup = 578BBE3C1FC880C70004EFE0;
			productRefGroup = 578BBE461FC880C70004EFE0 /* Products */;
			projectDirPath = "";
			projectRoot = "";
			targets = (
				578BBE441FC880C70004EFE0 /* RX */,
				578BBE581FC880C70004EFE0 /* RXTests */,
				578BBE631FC880C70004EFE0 /* RXUITests */,
			);
		};
/* End PBXProject section */

/* Begin PBXResourcesBuildPhase section */
		578BBE431FC880C70004EFE0 /* Resources */ = {
			isa = PBXResourcesBuildPhase;
			buildActionMask = 2147483647;
			files = (
				578BBE531FC880C70004EFE0 /* LaunchScreen.storyboard in Resources */,
				578BBE501FC880C70004EFE0 /* Assets.xcassets in Resources */,
				578BBE4E1FC880C70004EFE0 /* Main.storyboard in Resources */,
			);
			runOnlyForDeploymentPostprocessing = 0;
		};
		578BBE571FC880C70004EFE0 /* Resources */ = {
			isa = PBXResourcesBuildPhase;
			buildActionMask = 2147483647;
			files = (
			);
			runOnlyForDeploymentPostprocessing = 0;
		};
		578BBE621FC880C70004EFE0 /* Resources */ = {
			isa = PBXResourcesBuildPhase;
			buildActionMask = 2147483647;
			files = (
			);
			runOnlyForDeploymentPostprocessing = 0;
		};
/* End PBXResourcesBuildPhase section */

/* Begin PBXShellScriptBuildPhase section */
		01DCAD9327D38392F4B6B859 /* [CP] Copy Pods Resources */ = {
			isa = PBXShellScriptBuildPhase;
			buildActionMask = 2147483647;
			files = (
			);
			inputPaths = (
			);
			name = "[CP] Copy Pods Resources";
			outputPaths = (
			);
			runOnlyForDeploymentPostprocessing = 0;
			shellPath = /bin/sh;
			shellScript = "\"${SRCROOT}/Pods/Target Support Files/Pods-RXTests/Pods-RXTests-resources.sh\"\n";
			showEnvVarsInLog = 0;
		};
		18BEB9CE7F1BE9D4162F700E /* [CP] Embed Pods Frameworks */ = {
			isa = PBXShellScriptBuildPhase;
			buildActionMask = 2147483647;
			files = (
			);
			inputPaths = (
			);
			name = "[CP] Embed Pods Frameworks";
			outputPaths = (
			);
			runOnlyForDeploymentPostprocessing = 0;
			shellPath = /bin/sh;
			shellScript = "\"${SRCROOT}/Pods/Target Support Files/Pods-RXUITests/Pods-RXUITests-frameworks.sh\"\n";
			showEnvVarsInLog = 0;
		};
		23566A8C69E5B1E0ABF653E0 /* [CP] Check Pods Manifest.lock */ = {
			isa = PBXShellScriptBuildPhase;
			buildActionMask = 2147483647;
			files = (
			);
			inputPaths = (
				"${PODS_PODFILE_DIR_PATH}/Podfile.lock",
				"${PODS_ROOT}/Manifest.lock",
			);
			name = "[CP] Check Pods Manifest.lock";
			outputPaths = (
				"$(DERIVED_FILE_DIR)/Pods-RXUITests-checkManifestLockResult.txt",
			);
			runOnlyForDeploymentPostprocessing = 0;
			shellPath = /bin/sh;
			shellScript = "diff \"${PODS_PODFILE_DIR_PATH}/Podfile.lock\" \"${PODS_ROOT}/Manifest.lock\" > /dev/null\nif [ $? != 0 ] ; then\n    # print error to STDERR\n    echo \"error: The sandbox is not in sync with the Podfile.lock. Run 'pod install' or update your CocoaPods installation.\" >&2\n    exit 1\nfi\n# This output is used by Xcode 'outputs' to avoid re-running this script phase.\necho \"SUCCESS\" > \"${SCRIPT_OUTPUT_FILE_0}\"\n";
			showEnvVarsInLog = 0;
		};
		507DED0B6CC51CA28A910268 /* [CP] Copy Pods Resources */ = {
			isa = PBXShellScriptBuildPhase;
			buildActionMask = 2147483647;
			files = (
			);
			inputPaths = (
			);
			name = "[CP] Copy Pods Resources";
			outputPaths = (
			);
			runOnlyForDeploymentPostprocessing = 0;
			shellPath = /bin/sh;
			shellScript = "\"${SRCROOT}/Pods/Target Support Files/Pods-RXUITests/Pods-RXUITests-resources.sh\"\n";
			showEnvVarsInLog = 0;
		};
		65D6C7F94F90465B838F9CFC /* [CP] Copy Pods Resources */ = {
			isa = PBXShellScriptBuildPhase;
			buildActionMask = 2147483647;
			files = (
			);
			inputPaths = (
			);
			name = "[CP] Copy Pods Resources";
			outputPaths = (
			);
			runOnlyForDeploymentPostprocessing = 0;
			shellPath = /bin/sh;
			shellScript = "\"${SRCROOT}/Pods/Target Support Files/Pods-RX/Pods-RX-resources.sh\"\n";
			showEnvVarsInLog = 0;
		};
		90A58C02DECE7C2E74CF37E0 /* [CP] Embed Pods Frameworks */ = {
			isa = PBXShellScriptBuildPhase;
			buildActionMask = 2147483647;
			files = (
			);
			inputPaths = (
			);
			name = "[CP] Embed Pods Frameworks";
			outputPaths = (
			);
			runOnlyForDeploymentPostprocessing = 0;
			shellPath = /bin/sh;
			shellScript = "\"${SRCROOT}/Pods/Target Support Files/Pods-RXTests/Pods-RXTests-frameworks.sh\"\n";
			showEnvVarsInLog = 0;
		};
		A16A572A3910BAD38B350E4E /* [CP] Check Pods Manifest.lock */ = {
			isa = PBXShellScriptBuildPhase;
			buildActionMask = 2147483647;
			files = (
			);
			inputPaths = (
				"${PODS_PODFILE_DIR_PATH}/Podfile.lock",
				"${PODS_ROOT}/Manifest.lock",
			);
			name = "[CP] Check Pods Manifest.lock";
			outputPaths = (
				"$(DERIVED_FILE_DIR)/Pods-RXTests-checkManifestLockResult.txt",
			);
			runOnlyForDeploymentPostprocessing = 0;
			shellPath = /bin/sh;
			shellScript = "diff \"${PODS_PODFILE_DIR_PATH}/Podfile.lock\" \"${PODS_ROOT}/Manifest.lock\" > /dev/null\nif [ $? != 0 ] ; then\n    # print error to STDERR\n    echo \"error: The sandbox is not in sync with the Podfile.lock. Run 'pod install' or update your CocoaPods installation.\" >&2\n    exit 1\nfi\n# This output is used by Xcode 'outputs' to avoid re-running this script phase.\necho \"SUCCESS\" > \"${SCRIPT_OUTPUT_FILE_0}\"\n";
			showEnvVarsInLog = 0;
		};
		A8EF176C8908297A05071CA1 /* [CP] Check Pods Manifest.lock */ = {
			isa = PBXShellScriptBuildPhase;
			buildActionMask = 2147483647;
			files = (
			);
			inputPaths = (
				"${PODS_PODFILE_DIR_PATH}/Podfile.lock",
				"${PODS_ROOT}/Manifest.lock",
			);
			name = "[CP] Check Pods Manifest.lock";
			outputPaths = (
				"$(DERIVED_FILE_DIR)/Pods-RX-checkManifestLockResult.txt",
			);
			runOnlyForDeploymentPostprocessing = 0;
			shellPath = /bin/sh;
			shellScript = "diff \"${PODS_PODFILE_DIR_PATH}/Podfile.lock\" \"${PODS_ROOT}/Manifest.lock\" > /dev/null\nif [ $? != 0 ] ; then\n    # print error to STDERR\n    echo \"error: The sandbox is not in sync with the Podfile.lock. Run 'pod install' or update your CocoaPods installation.\" >&2\n    exit 1\nfi\n# This output is used by Xcode 'outputs' to avoid re-running this script phase.\necho \"SUCCESS\" > \"${SCRIPT_OUTPUT_FILE_0}\"\n";
			showEnvVarsInLog = 0;
		};
		C3E912D2A8B95B00D5E11CBB /* [CP] Embed Pods Frameworks */ = {
			isa = PBXShellScriptBuildPhase;
			buildActionMask = 2147483647;
			files = (
			);
			inputPaths = (
				"${SRCROOT}/Pods/Target Support Files/Pods-RX/Pods-RX-frameworks.sh",
				"${BUILT_PRODUCTS_DIR}/RxCocoa/RxCocoa.framework",
				"${BUILT_PRODUCTS_DIR}/RxSwift/RxSwift.framework",
			);
			name = "[CP] Embed Pods Frameworks";
			outputPaths = (
				"${TARGET_BUILD_DIR}/${FRAMEWORKS_FOLDER_PATH}/RxCocoa.framework",
				"${TARGET_BUILD_DIR}/${FRAMEWORKS_FOLDER_PATH}/RxSwift.framework",
			);
			runOnlyForDeploymentPostprocessing = 0;
			shellPath = /bin/sh;
			shellScript = "\"${SRCROOT}/Pods/Target Support Files/Pods-RX/Pods-RX-frameworks.sh\"\n";
			showEnvVarsInLog = 0;
		};
/* End PBXShellScriptBuildPhase section */

/* Begin PBXSourcesBuildPhase section */
		578BBE411FC880C70004EFE0 /* Sources */ = {
			isa = PBXSourcesBuildPhase;
			buildActionMask = 2147483647;
			files = (
				57BAA2C920067B460011F87D /* RepositoryCellViewModel.swift in Sources */,
				572C80381FFEA8D700720860 /* RepositoryCell.swift in Sources */,
				578BBE4B1FC880C70004EFE0 /* ViewController.swift in Sources */,
				57CF67BB200530C000418380 /* LanguageViewModel.swift in Sources */,
				572C803C1FFEA96B00720860 /* LanguageVC.swift in Sources */,
				578BBE491FC880C70004EFE0 /* AppDelegate.swift in Sources */,
				57BAA2C720067B360011F87D /* RepositoryViewModel.swift in Sources */,
				572C803A1FFEA94C00720860 /* RepositryListVC.swift in Sources */,
				572C80361FFEA34E00720860 /* GithubService.swift in Sources */,
				572C80341FFEA31E00720860 /* Repository.swift in Sources */,
			);
			runOnlyForDeploymentPostprocessing = 0;
		};
		578BBE551FC880C70004EFE0 /* Sources */ = {
			isa = PBXSourcesBuildPhase;
			buildActionMask = 2147483647;
			files = (
				578BBE5E1FC880C70004EFE0 /* RXTests.swift in Sources */,
			);
			runOnlyForDeploymentPostprocessing = 0;
		};
		578BBE601FC880C70004EFE0 /* Sources */ = {
			isa = PBXSourcesBuildPhase;
			buildActionMask = 2147483647;
			files = (
				578BBE691FC880C70004EFE0 /* RXUITests.swift in Sources */,
			);
			runOnlyForDeploymentPostprocessing = 0;
		};
/* End PBXSourcesBuildPhase section */

/* Begin PBXTargetDependency section */
		578BBE5B1FC880C70004EFE0 /* PBXTargetDependency */ = {
			isa = PBXTargetDependency;
			target = 578BBE441FC880C70004EFE0 /* RX */;
			targetProxy = 578BBE5A1FC880C70004EFE0 /* PBXContainerItemProxy */;
		};
		578BBE661FC880C70004EFE0 /* PBXTargetDependency */ = {
			isa = PBXTargetDependency;
			target = 578BBE441FC880C70004EFE0 /* RX */;
			targetProxy = 578BBE651FC880C70004EFE0 /* PBXContainerItemProxy */;
		};
/* End PBXTargetDependency section */

/* Begin PBXVariantGroup section */
		578BBE4C1FC880C70004EFE0 /* Main.storyboard */ = {
			isa = PBXVariantGroup;
			children = (
				578BBE4D1FC880C70004EFE0 /* Base */,
			);
			name = Main.storyboard;
			sourceTree = "<group>";
		};
		578BBE511FC880C70004EFE0 /* LaunchScreen.storyboard */ = {
			isa = PBXVariantGroup;
			children = (
				578BBE521FC880C70004EFE0 /* Base */,
			);
			name = LaunchScreen.storyboard;
			sourceTree = "<group>";
		};
/* End PBXVariantGroup section */

/* Begin XCBuildConfiguration section */
		578BBE6B1FC880C70004EFE0 /* Debug */ = {
			isa = XCBuildConfiguration;
			buildSettings = {
				ALWAYS_SEARCH_USER_PATHS = NO;
				CLANG_ANALYZER_NONNULL = YES;
				CLANG_ANALYZER_NUMBER_OBJECT_CONVERSION = YES_AGGRESSIVE;
				CLANG_CXX_LANGUAGE_STANDARD = "gnu++14";
				CLANG_CXX_LIBRARY = "libc++";
				CLANG_ENABLE_MODULES = YES;
				CLANG_ENABLE_OBJC_ARC = YES;
				CLANG_WARN_BLOCK_CAPTURE_AUTORELEASING = YES;
				CLANG_WARN_BOOL_CONVERSION = YES;
				CLANG_WARN_COMMA = YES;
				CLANG_WARN_CONSTANT_CONVERSION = YES;
				CLANG_WARN_DIRECT_OBJC_ISA_USAGE = YES_ERROR;
				CLANG_WARN_DOCUMENTATION_COMMENTS = YES;
				CLANG_WARN_EMPTY_BODY = YES;
				CLANG_WARN_ENUM_CONVERSION = YES;
				CLANG_WARN_INFINITE_RECURSION = YES;
				CLANG_WARN_INT_CONVERSION = YES;
				CLANG_WARN_NON_LITERAL_NULL_CONVERSION = YES;
				CLANG_WARN_OBJC_LITERAL_CONVERSION = YES;
				CLANG_WARN_OBJC_ROOT_CLASS = YES_ERROR;
				CLANG_WARN_RANGE_LOOP_ANALYSIS = YES;
				CLANG_WARN_STRICT_PROTOTYPES = YES;
				CLANG_WARN_SUSPICIOUS_MOVE = YES;
				CLANG_WARN_UNGUARDED_AVAILABILITY = YES_AGGRESSIVE;
				CLANG_WARN_UNREACHABLE_CODE = YES;
				CLANG_WARN__DUPLICATE_METHOD_MATCH = YES;
				CODE_SIGN_IDENTITY = "iPhone Developer";
				COPY_PHASE_STRIP = NO;
				DEBUG_INFORMATION_FORMAT = dwarf;
				ENABLE_STRICT_OBJC_MSGSEND = YES;
				ENABLE_TESTABILITY = YES;
				GCC_C_LANGUAGE_STANDARD = gnu11;
				GCC_DYNAMIC_NO_PIC = NO;
				GCC_NO_COMMON_BLOCKS = YES;
				GCC_OPTIMIZATION_LEVEL = 0;
				GCC_PREPROCESSOR_DEFINITIONS = (
					"DEBUG=1",
					"$(inherited)",
				);
				GCC_WARN_64_TO_32_BIT_CONVERSION = YES;
				GCC_WARN_ABOUT_RETURN_TYPE = YES_ERROR;
				GCC_WARN_UNDECLARED_SELECTOR = YES;
				GCC_WARN_UNINITIALIZED_AUTOS = YES_AGGRESSIVE;
				GCC_WARN_UNUSED_FUNCTION = YES;
				GCC_WARN_UNUSED_VARIABLE = YES;
				IPHONEOS_DEPLOYMENT_TARGET = 11.1;
				MTL_ENABLE_DEBUG_INFO = YES;
				ONLY_ACTIVE_ARCH = YES;
				SDKROOT = iphoneos;
				SWIFT_ACTIVE_COMPILATION_CONDITIONS = DEBUG;
				SWIFT_OPTIMIZATION_LEVEL = "-Onone";
			};
			name = Debug;
		};
		578BBE6C1FC880C70004EFE0 /* Release */ = {
			isa = XCBuildConfiguration;
			buildSettings = {
				ALWAYS_SEARCH_USER_PATHS = NO;
				CLANG_ANALYZER_NONNULL = YES;
				CLANG_ANALYZER_NUMBER_OBJECT_CONVERSION = YES_AGGRESSIVE;
				CLANG_CXX_LANGUAGE_STANDARD = "gnu++14";
				CLANG_CXX_LIBRARY = "libc++";
				CLANG_ENABLE_MODULES = YES;
				CLANG_ENABLE_OBJC_ARC = YES;
				CLANG_WARN_BLOCK_CAPTURE_AUTORELEASING = YES;
				CLANG_WARN_BOOL_CONVERSION = YES;
				CLANG_WARN_COMMA = YES;
				CLANG_WARN_CONSTANT_CONVERSION = YES;
				CLANG_WARN_DIRECT_OBJC_ISA_USAGE = YES_ERROR;
				CLANG_WARN_DOCUMENTATION_COMMENTS = YES;
				CLANG_WARN_EMPTY_BODY = YES;
				CLANG_WARN_ENUM_CONVERSION = YES;
				CLANG_WARN_INFINITE_RECURSION = YES;
				CLANG_WARN_INT_CONVERSION = YES;
				CLANG_WARN_NON_LITERAL_NULL_CONVERSION = YES;
				CLANG_WARN_OBJC_LITERAL_CONVERSION = YES;
				CLANG_WARN_OBJC_ROOT_CLASS = YES_ERROR;
				CLANG_WARN_RANGE_LOOP_ANALYSIS = YES;
				CLANG_WARN_STRICT_PROTOTYPES = YES;
				CLANG_WARN_SUSPICIOUS_MOVE = YES;
				CLANG_WARN_UNGUARDED_AVAILABILITY = YES_AGGRESSIVE;
				CLANG_WARN_UNREACHABLE_CODE = YES;
				CLANG_WARN__DUPLICATE_METHOD_MATCH = YES;
				CODE_SIGN_IDENTITY = "iPhone Developer";
				COPY_PHASE_STRIP = NO;
				DEBUG_INFORMATION_FORMAT = "dwarf-with-dsym";
				ENABLE_NS_ASSERTIONS = NO;
				ENABLE_STRICT_OBJC_MSGSEND = YES;
				GCC_C_LANGUAGE_STANDARD = gnu11;
				GCC_NO_COMMON_BLOCKS = YES;
				GCC_WARN_64_TO_32_BIT_CONVERSION = YES;
				GCC_WARN_ABOUT_RETURN_TYPE = YES_ERROR;
				GCC_WARN_UNDECLARED_SELECTOR = YES;
				GCC_WARN_UNINITIALIZED_AUTOS = YES_AGGRESSIVE;
				GCC_WARN_UNUSED_FUNCTION = YES;
				GCC_WARN_UNUSED_VARIABLE = YES;
				IPHONEOS_DEPLOYMENT_TARGET = 11.1;
				MTL_ENABLE_DEBUG_INFO = NO;
				SDKROOT = iphoneos;
				SWIFT_OPTIMIZATION_LEVEL = "-Owholemodule";
				VALIDATE_PRODUCT = YES;
			};
			name = Release;
		};
		578BBE6E1FC880C70004EFE0 /* Debug */ = {
			isa = XCBuildConfiguration;
			baseConfigurationReference = A876039CE6CF5F199BF0AADD /* Pods-RX.debug.xcconfig */;
			buildSettings = {
				ASSETCATALOG_COMPILER_APPICON_NAME = AppIcon;
				CODE_SIGN_STYLE = Automatic;
				INFOPLIST_FILE = RX/Info.plist;
				LD_RUNPATH_SEARCH_PATHS = "$(inherited) @executable_path/Frameworks";
				PRODUCT_BUNDLE_IDENTIFIER = HBDevelopers.RX;
				PRODUCT_NAME = "$(TARGET_NAME)";
				SWIFT_VERSION = 4.0;
				TARGETED_DEVICE_FAMILY = "1,2";
			};
			name = Debug;
		};
		578BBE6F1FC880C70004EFE0 /* Release */ = {
			isa = XCBuildConfiguration;
			baseConfigurationReference = 4E95E15BD52C83E713216B5D /* Pods-RX.release.xcconfig */;
			buildSettings = {
				ASSETCATALOG_COMPILER_APPICON_NAME = AppIcon;
				CODE_SIGN_STYLE = Automatic;
				INFOPLIST_FILE = RX/Info.plist;
				LD_RUNPATH_SEARCH_PATHS = "$(inherited) @executable_path/Frameworks";
				PRODUCT_BUNDLE_IDENTIFIER = HBDevelopers.RX;
				PRODUCT_NAME = "$(TARGET_NAME)";
				SWIFT_VERSION = 4.0;
				TARGETED_DEVICE_FAMILY = "1,2";
			};
			name = Release;
		};
		578BBE711FC880C70004EFE0 /* Debug */ = {
			isa = XCBuildConfiguration;
			baseConfigurationReference = 8B9F31B9D25A44AFF7E22A68 /* Pods-RXTests.debug.xcconfig */;
			buildSettings = {
				ALWAYS_EMBED_SWIFT_STANDARD_LIBRARIES = YES;
				BUNDLE_LOADER = "$(TEST_HOST)";
				CODE_SIGN_STYLE = Automatic;
				INFOPLIST_FILE = RXTests/Info.plist;
				LD_RUNPATH_SEARCH_PATHS = "$(inherited) @executable_path/Frameworks @loader_path/Frameworks";
				PRODUCT_BUNDLE_IDENTIFIER = HBDevelopers.RXTests;
				PRODUCT_NAME = "$(TARGET_NAME)";
				SWIFT_VERSION = 4.0;
				TARGETED_DEVICE_FAMILY = "1,2";
				TEST_HOST = "$(BUILT_PRODUCTS_DIR)/RX.app/RX";
			};
			name = Debug;
		};
		578BBE721FC880C70004EFE0 /* Release */ = {
			isa = XCBuildConfiguration;
			baseConfigurationReference = 58D33C372409154F99BE2767 /* Pods-RXTests.release.xcconfig */;
			buildSettings = {
				ALWAYS_EMBED_SWIFT_STANDARD_LIBRARIES = YES;
				BUNDLE_LOADER = "$(TEST_HOST)";
				CODE_SIGN_STYLE = Automatic;
				INFOPLIST_FILE = RXTests/Info.plist;
				LD_RUNPATH_SEARCH_PATHS = "$(inherited) @executable_path/Frameworks @loader_path/Frameworks";
				PRODUCT_BUNDLE_IDENTIFIER = HBDevelopers.RXTests;
				PRODUCT_NAME = "$(TARGET_NAME)";
				SWIFT_VERSION = 4.0;
				TARGETED_DEVICE_FAMILY = "1,2";
				TEST_HOST = "$(BUILT_PRODUCTS_DIR)/RX.app/RX";
			};
			name = Release;
		};
		578BBE741FC880C70004EFE0 /* Debug */ = {
			isa = XCBuildConfiguration;
			baseConfigurationReference = C07D63107E05F7F3FEBD9339 /* Pods-RXUITests.debug.xcconfig */;
			buildSettings = {
				ALWAYS_EMBED_SWIFT_STANDARD_LIBRARIES = YES;
				CODE_SIGN_STYLE = Automatic;
				INFOPLIST_FILE = RXUITests/Info.plist;
				LD_RUNPATH_SEARCH_PATHS = "$(inherited) @executable_path/Frameworks @loader_path/Frameworks";
				PRODUCT_BUNDLE_IDENTIFIER = HBDevelopers.RXUITests;
				PRODUCT_NAME = "$(TARGET_NAME)";
				SWIFT_VERSION = 4.0;
				TARGETED_DEVICE_FAMILY = "1,2";
				TEST_TARGET_NAME = RX;
			};
			name = Debug;
		};
		578BBE751FC880C70004EFE0 /* Release */ = {
			isa = XCBuildConfiguration;
			baseConfigurationReference = C4C55FBAA87240B5AF32F652 /* Pods-RXUITests.release.xcconfig */;
			buildSettings = {
				ALWAYS_EMBED_SWIFT_STANDARD_LIBRARIES = YES;
				CODE_SIGN_STYLE = Automatic;
				INFOPLIST_FILE = RXUITests/Info.plist;
				LD_RUNPATH_SEARCH_PATHS = "$(inherited) @executable_path/Frameworks @loader_path/Frameworks";
				PRODUCT_BUNDLE_IDENTIFIER = HBDevelopers.RXUITests;
				PRODUCT_NAME = "$(TARGET_NAME)";
				SWIFT_VERSION = 4.0;
				TARGETED_DEVICE_FAMILY = "1,2";
				TEST_TARGET_NAME = RX;
			};
			name = Release;
		};
/* End XCBuildConfiguration section */

/* Begin XCConfigurationList section */
		578BBE401FC880C70004EFE0 /* Build configuration list for PBXProject "RX" */ = {
			isa = XCConfigurationList;
			buildConfigurations = (
				578BBE6B1FC880C70004EFE0 /* Debug */,
				578BBE6C1FC880C70004EFE0 /* Release */,
			);
			defaultConfigurationIsVisible = 0;
			defaultConfigurationName = Release;
		};
		578BBE6D1FC880C70004EFE0 /* Build configuration list for PBXNativeTarget "RX" */ = {
			isa = XCConfigurationList;
			buildConfigurations = (
				578BBE6E1FC880C70004EFE0 /* Debug */,
				578BBE6F1FC880C70004EFE0 /* Release */,
			);
			defaultConfigurationIsVisible = 0;
			defaultConfigurationName = Release;
		};
		578BBE701FC880C70004EFE0 /* Build configuration list for PBXNativeTarget "RXTests" */ = {
			isa = XCConfigurationList;
			buildConfigurations = (
				578BBE711FC880C70004EFE0 /* Debug */,
				578BBE721FC880C70004EFE0 /* Release */,
			);
			defaultConfigurationIsVisible = 0;
			defaultConfigurationName = Release;
		};
		578BBE731FC880C70004EFE0 /* Build configuration list for PBXNativeTarget "RXUITests" */ = {
			isa = XCConfigurationList;
			buildConfigurations = (
				578BBE741FC880C70004EFE0 /* Debug */,
				578BBE751FC880C70004EFE0 /* Release */,
			);
			defaultConfigurationIsVisible = 0;
			defaultConfigurationName = Release;
		};
/* End XCConfigurationList section */
	};
	rootObject = 578BBE3D1FC880C70004EFE0 /* Project object */;
}
